
Microsoft Visual Studio Solution File, Format Version 12.00
# Visual Studio Version 17
VisualStudioVersion = 17.7.34018.315
MinimumVisualStudioVersion = 10.0.40219.1
Project("{FAE04EC0-301F-11D3-BF4B-00C04F79EFBC}") = "prj_cadastro_dsm", "prj_cadastro_dsm\prj_cadastro_dsm.csproj", "{F7C6D672-3D20-40B1-9346-DF363C5B1A53}"
EndProject
Global
	GlobalSection(SolutionConfigurationPlatforms) = preSolution
		Debug|Any CPU = Debug|Any CPU
		Release|Any CPU = Release|Any CPU
	EndGlobalSection
	GlobalSection(ProjectConfigurationPlatforms) = postSolution
		{F7C6D672-3D20-40B1-9346-DF363C5B1A53}.Debug|Any CPU.ActiveCfg = Debug|Any CPU
		{F7C6D672-3D20-40B1-9346-DF363C5B1A53}.Debug|Any CPU.Build.0 = Debug|Any CPU
		{F7C6D672-3D20-40B1-9346-DF363C5B1A53}.Release|Any CPU.ActiveCfg = Release|Any CPU
		{F7C6D672-3D20-40B1-9346-DF363C5B1A53}.Release|Any CPU.Build.0 = Release|Any CPU
	EndGlobalSection
	GlobalSection(SolutionProperties) = preSolution
		HideSolutionNode = FALSE
	EndGlobalSection
	GlobalSection(ExtensibilityGlobals) = postSolution
		SolutionGuid = {66FDB0D7-5D79-4AAD-A13F-E273A0ADD73F}
	EndGlobalSection
EndGlobal
